
Microsoft Visual Studio Solution File, Format Version 12.00
# Visual Studio Version 17
VisualStudioVersion = 17.4.33213.308
MinimumVisualStudioVersion = 10.0.40219.1
Project("{9A19103F-16F7-4668-BE54-9A1E7A4F7556}") = "Avengers.API", "Avengers.API\Avengers.API.csproj", "{0825EA68-C091-4A4E-B5A8-1153A6718030}"
EndProject
Project("{9A19103F-16F7-4668-BE54-9A1E7A4F7556}") = "Avengers.gRPC", "Avengers.gRPC\Avengers.gRPC.csproj", "{108A52BA-8988-4347-B24D-7C40EA81EB57}"
EndProject
Project("{9A19103F-16F7-4668-BE54-9A1E7A4F7556}") = "Avengers.Feature", "Avengers.Feature\Avengers.Feature.csproj", "{2D53E649-B684-43A6-9E4E-34EA49331CA8}"
EndProject
Project("{FAE04EC0-301F-11D3-BF4B-00C04F79EFBC}") = "Avengers", "Avengers\Avengers.csproj", "{D4296DC8-63AF-4D79-BF6D-076C1AFFDDF8}"
EndProject
Project("{FAE04EC0-301F-11D3-BF4B-00C04F79EFBC}") = "Avengers.Benchmark", "Avengers.Benchmark\Avengers.Benchmark.csproj", "{C3F9EDED-F9DE-470F-BB48-8D9D958FF75D}"
EndProject
Global
	GlobalSection(SolutionConfigurationPlatforms) = preSolution
		Debug|Any CPU = Debug|Any CPU
		Release|Any CPU = Release|Any CPU
	EndGlobalSection
	GlobalSection(ProjectConfigurationPlatforms) = postSolution
		{0825EA68-C091-4A4E-B5A8-1153A6718030}.Debug|Any CPU.ActiveCfg = Debug|Any CPU
		{0825EA68-C091-4A4E-B5A8-1153A6718030}.Debug|Any CPU.Build.0 = Debug|Any CPU
		{0825EA68-C091-4A4E-B5A8-1153A6718030}.Release|Any CPU.ActiveCfg = Release|Any CPU
		{0825EA68-C091-4A4E-B5A8-1153A6718030}.Release|Any CPU.Build.0 = Release|Any CPU
		{108A52BA-8988-4347-B24D-7C40EA81EB57}.Debug|Any CPU.ActiveCfg = Debug|Any CPU
		{108A52BA-8988-4347-B24D-7C40EA81EB57}.Debug|Any CPU.Build.0 = Debug|Any CPU
		{108A52BA-8988-4347-B24D-7C40EA81EB57}.Release|Any CPU.ActiveCfg = Release|Any CPU
		{108A52BA-8988-4347-B24D-7C40EA81EB57}.Release|Any CPU.Build.0 = Release|Any CPU
		{2D53E649-B684-43A6-9E4E-34EA49331CA8}.Debug|Any CPU.ActiveCfg = Debug|Any CPU
		{2D53E649-B684-43A6-9E4E-34EA49331CA8}.Debug|Any CPU.Build.0 = Debug|Any CPU
		{2D53E649-B684-43A6-9E4E-34EA49331CA8}.Release|Any CPU.ActiveCfg = Release|Any CPU
		{2D53E649-B684-43A6-9E4E-34EA49331CA8}.Release|Any CPU.Build.0 = Release|Any CPU
		{D4296DC8-63AF-4D79-BF6D-076C1AFFDDF8}.Debug|Any CPU.ActiveCfg = Debug|Any CPU
		{D4296DC8-63AF-4D79-BF6D-076C1AFFDDF8}.Debug|Any CPU.Build.0 = Debug|Any CPU
		{D4296DC8-63AF-4D79-BF6D-076C1AFFDDF8}.Release|Any CPU.ActiveCfg = Release|Any CPU
		{D4296DC8-63AF-4D79-BF6D-076C1AFFDDF8}.Release|Any CPU.Build.0 = Release|Any CPU
		{C3F9EDED-F9DE-470F-BB48-8D9D958FF75D}.Debug|Any CPU.ActiveCfg = Debug|Any CPU
		{C3F9EDED-F9DE-470F-BB48-8D9D958FF75D}.Debug|Any CPU.Build.0 = Debug|Any CPU
		{C3F9EDED-F9DE-470F-BB48-8D9D958FF75D}.Release|Any CPU.ActiveCfg = Release|Any CPU
		{C3F9EDED-F9DE-470F-BB48-8D9D958FF75D}.Release|Any CPU.Build.0 = Release|Any CPU
	EndGlobalSection
	GlobalSection(SolutionProperties) = preSolution
		HideSolutionNode = FALSE
	EndGlobalSection
	GlobalSection(ExtensibilityGlobals) = postSolution
		SolutionGuid = {C30EC97E-3933-48BB-A7D3-0BB60259DE26}
	EndGlobalSection
EndGlobal
